
Microsoft Visual Studio Solution File, Format Version 12.00
# Visual Studio Version 17
VisualStudioVersion = 17.9.34616.47
MinimumVisualStudioVersion = 10.0.40219.1
Project("{8BC9CEB8-8B4A-11D0-8D11-00A0C91BC942}") = "TicTac", "TicTac\TicTac.vcxproj", "{8257586A-AED7-4889-8AB9-CF05C43B6588}"
EndProject
Global
	GlobalSection(SolutionConfigurationPlatforms) = preSolution
		Debug|x64 = Debug|x64
		Debug|x86 = Debug|x86
		Release|x64 = Release|x64
		Release|x86 = Release|x86
	EndGlobalSection
	GlobalSection(ProjectConfigurationPlatforms) = postSolution
		{8257586A-AED7-4889-8AB9-CF05C43B6588}.Debug|x64.ActiveCfg = Debug|x64
		{8257586A-AED7-4889-8AB9-CF05C43B6588}.Debug|x64.Build.0 = Debug|x64
		{8257586A-AED7-4889-8AB9-CF05C43B6588}.Debug|x86.ActiveCfg = Debug|Win32
		{8257586A-AED7-4889-8AB9-CF05C43B6588}.Debug|x86.Build.0 = Debug|Win32
		{8257586A-AED7-4889-8AB9-CF05C43B6588}.Release|x64.ActiveCfg = Release|x64
		{8257586A-AED7-4889-8AB9-CF05C43B6588}.Release|x64.Build.0 = Release|x64
		{8257586A-AED7-4889-8AB9-CF05C43B6588}.Release|x86.ActiveCfg = Release|Win32
		{8257586A-AED7-4889-8AB9-CF05C43B6588}.Release|x86.Build.0 = Release|Win32
	EndGlobalSection
	GlobalSection(SolutionProperties) = preSolution
		HideSolutionNode = FALSE
	EndGlobalSection
	GlobalSection(ExtensibilityGlobals) = postSolution
		SolutionGuid = {2CEC0B3B-24C0-4810-802C-EACAA3A78A04}
	EndGlobalSection
EndGlobal
